
Microsoft Visual Studio Solution File, Format Version 12.00
# Visual Studio 14
VisualStudioVersion = 14.0.25420.1
MinimumVisualStudioVersion = 10.0.40219.1
Project("{FAE04EC0-301F-11D3-BF4B-00C04F79EFBC}") = "PrimeNumbers", "PrimeNumbers\PrimeNumbers.csproj", "{C00CA74A-75CB-4223-8DEE-2E47AE39CC8A}"
EndProject
Project("{FAE04EC0-301F-11D3-BF4B-00C04F79EFBC}") = "UnitTestPrimeNumbers", "UnitTestPrimeNumbers\UnitTestPrimeNumbers.csproj", "{AC66B190-3D28-4805-AB1A-FE3EC03D41C7}"
EndProject
Global
	GlobalSection(SolutionConfigurationPlatforms) = preSolution
		Debug|Any CPU = Debug|Any CPU
		Release|Any CPU = Release|Any CPU
	EndGlobalSection
	GlobalSection(ProjectConfigurationPlatforms) = postSolution
		{C00CA74A-75CB-4223-8DEE-2E47AE39CC8A}.Debug|Any CPU.ActiveCfg = Debug|Any CPU
		{C00CA74A-75CB-4223-8DEE-2E47AE39CC8A}.Debug|Any CPU.Build.0 = Debug|Any CPU
		{C00CA74A-75CB-4223-8DEE-2E47AE39CC8A}.Release|Any CPU.ActiveCfg = Release|Any CPU
		{C00CA74A-75CB-4223-8DEE-2E47AE39CC8A}.Release|Any CPU.Build.0 = Release|Any CPU
		{AC66B190-3D28-4805-AB1A-FE3EC03D41C7}.Debug|Any CPU.ActiveCfg = Debug|Any CPU
		{AC66B190-3D28-4805-AB1A-FE3EC03D41C7}.Debug|Any CPU.Build.0 = Debug|Any CPU
		{AC66B190-3D28-4805-AB1A-FE3EC03D41C7}.Release|Any CPU.ActiveCfg = Release|Any CPU
		{AC66B190-3D28-4805-AB1A-FE3EC03D41C7}.Release|Any CPU.Build.0 = Release|Any CPU
	EndGlobalSection
	GlobalSection(SolutionProperties) = preSolution
		HideSolutionNode = FALSE
	EndGlobalSection
EndGlobal
